// !$*UTF8*$!
{
	archiveVersion = 1;
	classes = {
	};
	objectVersion = 50;
	objects = {

/* Begin PBXBuildFile section */
		1B0BAEBB2198643800FF50FD /* ZPFFooterView.m in Sources */ = {isa = PBXBuildFile; fileRef = 1B0BAEBA2198643800FF50FD /* ZPFFooterView.m */; };
		1B0BAEBD21986A2000FF50FD /* yejianmoshi.png in Resources */ = {isa = PBXBuildFile; fileRef = 1B0BAEBC21986A1F00FF50FD /* yejianmoshi.png */; };
		1B0BAEBF21986A2500FF50FD /* lixian.png in Resources */ = {isa = PBXBuildFile; fileRef = 1B0BAEBE21986A2500FF50FD /* lixian.png */; };
		1B1C11D5219054F400AFB098 /* ZPFLeftView.m in Sources */ = {isa = PBXBuildFile; fileRef = 1B1C11D4219054F400AFB098 /* ZPFLeftView.m */; };
		1B1C11D921905C3C00AFB098 /* shouye.png in Resources */ = {isa = PBXBuildFile; fileRef = 1B1C11D821905C3C00AFB098 /* shouye.png */; };
		1B1C11DC2190678900AFB098 /* s.jpg in Resources */ = {isa = PBXBuildFile; fileRef = 1B1C11DB2190678900AFB098 /* s.jpg */; };
		1B1C11DE21906FB000AFB098 /* shoucang.png in Resources */ = {isa = PBXBuildFile; fileRef = 1B1C11DD21906FB000AFB098 /* shoucang.png */; };
		1B1C11E0219072CB00AFB098 /* xiaoxi.png in Resources */ = {isa = PBXBuildFile; fileRef = 1B1C11DF219072CB00AFB098 /* xiaoxi.png */; };
		1B1C11E2219072CF00AFB098 /* shezhi.png in Resources */ = {isa = PBXBuildFile; fileRef = 1B1C11E1219072CF00AFB098 /* shezhi.png */; };
		1B1F083B21952A5F0077C4CC /* ZPFHttpSessionManager.m in Sources */ = {isa = PBXBuildFile; fileRef = 1B1F083A21952A5F0077C4CC /* ZPFHttpSessionManager.m */; };
		1B2B905C21BBEE53006075D4 /* SuperButton.m in Sources */ = {isa = PBXBuildFile; fileRef = 1B2B905B21BBEE53006075D4 /* SuperButton.m */; };
		1B3E34EB21AA8B6E0066AB96 /* ZPFExtraCommentJSONModel.m in Sources */ = {isa = PBXBuildFile; fileRef = 1B3E34EA21AA8B6E0066AB96 /* ZPFExtraCommentJSONModel.m */; };
		1B3E34F121AAC2380066AB96 /* UILabel+UILabel_LabelHeight.m in Sources */ = {isa = PBXBuildFile; fileRef = 1B3E34F021AAC2380066AB96 /* UILabel+UILabel_LabelHeight.m */; };
		1BD078CB218B113C003C6228 /* AppDelegate.m in Sources */ = {isa = PBXBuildFile; fileRef = 1BD078CA218B113C003C6228 /* AppDelegate.m */; };
		1BD078CE218B113C003C6228 /* ViewController.m in Sources */ = {isa = PBXBuildFile; fileRef = 1BD078CD218B113C003C6228 /* ViewController.m */; };
		1BD078D1218B113C003C6228 /* Main.storyboard in Resources */ = {isa = PBXBuildFile; fileRef = 1BD078CF218B113C003C6228 /* Main.storyboard */; };
		1BD078D3218B1148003C6228 /* Assets.xcassets in Resources */ = {isa = PBXBuildFile; fileRef = 1BD078D2218B1148003C6228 /* Assets.xcassets */; };
		1BD078D6218B1148003C6228 /* LaunchScreen.storyboard in Resources */ = {isa = PBXBuildFile; fileRef = 1BD078D4218B1148003C6228 /* LaunchScreen.storyboard */; };
		1BD078D9218B1148003C6228 /* main.m in Sources */ = {isa = PBXBuildFile; fileRef = 1BD078D8218B1148003C6228 /* main.m */; };
		1BD078E1218B12E6003C6228 /* ZPFMainViewController.m in Sources */ = {isa = PBXBuildFile; fileRef = 1BD078E0218B12E6003C6228 /* ZPFMainViewController.m */; };
		1BD078E4218B130C003C6228 /* ZPFLeftViewController.m in Sources */ = {isa = PBXBuildFile; fileRef = 1BD078E3218B130C003C6228 /* ZPFLeftViewController.m */; };
		1BD078E7218B1846003C6228 /* ZPFCenterViewController.m in Sources */ = {isa = PBXBuildFile; fileRef = 1BD078E6218B1846003C6228 /* ZPFCenterViewController.m */; };
		1BD078ED218B1B8A003C6228 /* ZPFOtherViewController.m in Sources */ = {isa = PBXBuildFile; fileRef = 1BD078EC218B1B8A003C6228 /* ZPFOtherViewController.m */; };
		1BD078F2218B2046003C6228 /* 首页三条线.png in Resources */ = {isa = PBXBuildFile; fileRef = 1BD078F1218B2046003C6228 /* 首页三条线.png */; };
		1BD078F5218B20B7003C6228 /* ZPFCenterView.m in Sources */ = {isa = PBXBuildFile; fileRef = 1BD078F4218B20B7003C6228 /* ZPFCenterView.m */; };
		1BD078F9218B210B003C6228 /* ZPFScrollerView.m in Sources */ = {isa = PBXBuildFile; fileRef = 1BD078F8218B210B003C6228 /* ZPFScrollerView.m */; };
		1BD078FC218B212A003C6228 /* ZPFNewsTableViewCell.m in Sources */ = {isa = PBXBuildFile; fileRef = 1BD078FB218B212A003C6228 /* ZPFNewsTableViewCell.m */; };
		1BD078FF218B2144003C6228 /* ZPFScrollerTableViewCell.m in Sources */ = {isa = PBXBuildFile; fileRef = 1BD078FE218B2144003C6228 /* ZPFScrollerTableViewCell.m */; };
		1BD07907218B21C1003C6228 /* ZPFCenterTodayJSONModel.m in Sources */ = {isa = PBXBuildFile; fileRef = 1BD07906218B21C1003C6228 /* ZPFCenterTodayJSONModel.m */; };
		1BD0790A218B2494003C6228 /* ZPFSelectJsonModel.m in Sources */ = {isa = PBXBuildFile; fileRef = 1BD07909218B2494003C6228 /* ZPFSelectJsonModel.m */; };
		1BD07911218B27B6003C6228 /* 0的副本.jpg in Resources */ = {isa = PBXBuildFile; fileRef = 1BD0790C218B27B5003C6228 /* 0的副本.jpg */; };
		1BD07912218B27B6003C6228 /* 1的副本.jpg in Resources */ = {isa = PBXBuildFile; fileRef = 1BD0790D218B27B5003C6228 /* 1的副本.jpg */; };
		1BD07913218B27B6003C6228 /* 2的副本.jpg in Resources */ = {isa = PBXBuildFile; fileRef = 1BD0790E218B27B5003C6228 /* 2的副本.jpg */; };
		1BD07914218B27B6003C6228 /* 3的副本.jpg in Resources */ = {isa = PBXBuildFile; fileRef = 1BD0790F218B27B5003C6228 /* 3的副本.jpg */; };
		1BD07915218B27B6003C6228 /* 4的副本.jpg in Resources */ = {isa = PBXBuildFile; fileRef = 1BD07910218B27B5003C6228 /* 4的副本.jpg */; };
		1BD07917218B2BEA003C6228 /* 首页三条线1.png in Resources */ = {isa = PBXBuildFile; fileRef = 1BD07916218B2BE9003C6228 /* 首页三条线1.png */; };
		1BD0791A218B2DD1003C6228 /* ZPFSelectViewController.m in Sources */ = {isa = PBXBuildFile; fileRef = 1BD07919218B2DD1003C6228 /* ZPFSelectViewController.m */; };
		1BD90D7C21A270EF00682BCE /* ZPFDataUtils.m in Sources */ = {isa = PBXBuildFile; fileRef = 1BD90D7B21A270EF00682BCE /* ZPFDataUtils.m */; };
		1BEB8BFF21A423F10037947C /* dianzan.png in Resources */ = {isa = PBXBuildFile; fileRef = 1BEB8BFA21A423EF0037947C /* dianzan.png */; };
		1BEB8C0021A423F10037947C /* pinglun.png in Resources */ = {isa = PBXBuildFile; fileRef = 1BEB8BFB21A423F00037947C /* pinglun.png */; };
		1BEB8C0121A423F10037947C /* xia.png in Resources */ = {isa = PBXBuildFile; fileRef = 1BEB8BFC21A423F00037947C /* xia.png */; };
		1BEB8C0321A423F10037947C /* zuo.png in Resources */ = {isa = PBXBuildFile; fileRef = 1BEB8BFE21A423F00037947C /* zuo.png */; };
		1BEB8C0521A429120037947C /* zhuanfa.png in Resources */ = {isa = PBXBuildFile; fileRef = 1BEB8C0421A429120037947C /* zhuanfa.png */; };
		1BEB8C0821A42A1E0037947C /* ZPFCommentViewController.m in Sources */ = {isa = PBXBuildFile; fileRef = 1BEB8C0721A42A1E0037947C /* ZPFCommentViewController.m */; };
		1BEB8C0E21A4403D0037947C /* xiedianping.png in Resources */ = {isa = PBXBuildFile; fileRef = 1BEB8C0D21A4403D0037947C /* xiedianping.png */; };
		1BEB8C1021A441620037947C /* zuobian.png in Resources */ = {isa = PBXBuildFile; fileRef = 1BEB8C0F21A441620037947C /* zuobian.png */; };
		1BEB8C1421A448060037947C /* shuangjiantouxia.png in Resources */ = {isa = PBXBuildFile; fileRef = 1BEB8C1321A448060037947C /* shuangjiantouxia.png */; };
		1BEB8C1A21A449860037947C /* ZPFCommentTableViewCell.m in Sources */ = {isa = PBXBuildFile; fileRef = 1BEB8C1921A449860037947C /* ZPFCommentTableViewCell.m */; };
		1BF1BDB521A57829003D1EAC /* zan.png in Resources */ = {isa = PBXBuildFile; fileRef = 1BF1BDB421A57828003D1EAC /* zan.png */; };
		1BF1BDB821A578D3003D1EAC /* ZPFCommentView.m in Sources */ = {isa = PBXBuildFile; fileRef = 1BF1BDB721A578D3003D1EAC /* ZPFCommentView.m */; };
		1BF1BDBB21A57CA5003D1EAC /* ZPFWriteCommentViewController.m in Sources */ = {isa = PBXBuildFile; fileRef = 1BF1BDBA21A57CA5003D1EAC /* ZPFWriteCommentViewController.m */; };
		1BF1BDBE21A57FCE003D1EAC /* ZPFMyActivityIndicatorView.m in Sources */ = {isa = PBXBuildFile; fileRef = 1BF1BDBD21A57FCE003D1EAC /* ZPFMyActivityIndicatorView.m */; };
		1BF1BDC121A58526003D1EAC /* ZPFCommentJSONModel.m in Sources */ = {isa = PBXBuildFile; fileRef = 1BF1BDC021A58526003D1EAC /* ZPFCommentJSONModel.m */; };
		20991D8B6765C01A7D5B4F00 /* libPods-ZhiHuNewPaper.a in Frameworks */ = {isa = PBXBuildFile; fileRef = A065164CF4186E6454E675C5 /* libPods-ZhiHuNewPaper.a */; };
/* End PBXBuildFile section */

/* Begin PBXFileReference section */
		1B0BAEB92198643800FF50FD /* ZPFFooterView.h */ = {isa = PBXFileReference; lastKnownFileType = sourcecode.c.h; path = ZPFFooterView.h; sourceTree = "<group>"; };
		1B0BAEBA2198643800FF50FD /* ZPFFooterView.m */ = {isa = PBXFileReference; lastKnownFileType = sourcecode.c.objc; path = ZPFFooterView.m; sourceTree = "<group>"; };
		1B0BAEBC21986A1F00FF50FD /* yejianmoshi.png */ = {isa = PBXFileReference; lastKnownFileType = image.png; path = yejianmoshi.png; sourceTree = "<group>"; };
		1B0BAEBE21986A2500FF50FD /* lixian.png */ = {isa = PBXFileReference; lastKnownFileType = image.png; path = lixian.png; sourceTree = "<group>"; };
		1B1C11D3219054F400AFB098 /* ZPFLeftView.h */ = {isa = PBXFileReference; lastKnownFileType = sourcecode.c.h; path = ZPFLeftView.h; sourceTree = "<group>"; };
		1B1C11D4219054F400AFB098 /* ZPFLeftView.m */ = {isa = PBXFileReference; lastKnownFileType = sourcecode.c.objc; path = ZPFLeftView.m; sourceTree = "<group>"; };
		1B1C11D821905C3C00AFB098 /* shouye.png */ = {isa = PBXFileReference; lastKnownFileType = image.png; name = shouye.png; path = "../../ZhiHuDayPaper图片/shouye.png"; sourceTree = "<group>"; };
		1B1C11DB2190678900AFB098 /* s.jpg */ = {isa = PBXFileReference; lastKnownFileType = image.jpeg; path = s.jpg; sourceTree = "<group>"; };
		1B1C11DD21906FB000AFB098 /* shoucang.png */ = {isa = PBXFileReference; lastKnownFileType = image.png; path = shoucang.png; sourceTree = "<group>"; };
		1B1C11DF219072CB00AFB098 /* xiaoxi.png */ = {isa = PBXFileReference; lastKnownFileType = image.png; path = xiaoxi.png; sourceTree = "<group>"; };
		1B1C11E1219072CF00AFB098 /* shezhi.png */ = {isa = PBXFileReference; lastKnownFileType = image.png; path = shezhi.png; sourceTree = "<group>"; };
		1B1F083921952A5F0077C4CC /* ZPFHttpSessionManager.h */ = {isa = PBXFileReference; lastKnownFileType = sourcecode.c.h; path = ZPFHttpSessionManager.h; sourceTree = "<group>"; };
		1B1F083A21952A5F0077C4CC /* ZPFHttpSessionManager.m */ = {isa = PBXFileReference; lastKnownFileType = sourcecode.c.objc; path = ZPFHttpSessionManager.m; sourceTree = "<group>"; };
		1B2B905A21BBEE53006075D4 /* SuperButton.h */ = {isa = PBXFileReference; lastKnownFileType = sourcecode.c.h; path = SuperButton.h; sourceTree = "<group>"; };
		1B2B905B21BBEE53006075D4 /* SuperButton.m */ = {isa = PBXFileReference; lastKnownFileType = sourcecode.c.objc; path = SuperButton.m; sourceTree = "<group>"; };
		1B3E34E921AA8B6E0066AB96 /* ZPFExtraCommentJSONModel.h */ = {isa = PBXFileReference; lastKnownFileType = sourcecode.c.h; path = ZPFExtraCommentJSONModel.h; sourceTree = "<group>"; };
		1B3E34EA21AA8B6E0066AB96 /* ZPFExtraCommentJSONModel.m */ = {isa = PBXFileReference; lastKnownFileType = sourcecode.c.objc; path = ZPFExtraCommentJSONModel.m; sourceTree = "<group>"; };
		1B3E34EF21AAC2380066AB96 /* UILabel+UILabel_LabelHeight.h */ = {isa = PBXFileReference; lastKnownFileType = sourcecode.c.h; path = "UILabel+UILabel_LabelHeight.h"; sourceTree = "<group>"; };
		1B3E34F021AAC2380066AB96 /* UILabel+UILabel_LabelHeight.m */ = {isa = PBXFileReference; lastKnownFileType = sourcecode.c.objc; path = "UILabel+UILabel_LabelHeight.m"; sourceTree = "<group>"; };
		1BD078C6218B113C003C6228 /* ZhiHuNewPaper.app */ = {isa = PBXFileReference; explicitFileType = wrapper.application; includeInIndex = 0; path = ZhiHuNewPaper.app; sourceTree = BUILT_PRODUCTS_DIR; };
		1BD078C9218B113C003C6228 /* AppDelegate.h */ = {isa = PBXFileReference; lastKnownFileType = sourcecode.c.h; path = AppDelegate.h; sourceTree = "<group>"; };
		1BD078CA218B113C003C6228 /* AppDelegate.m */ = {isa = PBXFileReference; lastKnownFileType = sourcecode.c.objc; path = AppDelegate.m; sourceTree = "<group>"; };
		1BD078CC218B113C003C6228 /* ViewController.h */ = {isa = PBXFileReference; lastKnownFileType = sourcecode.c.h; path = ViewController.h; sourceTree = "<group>"; };
		1BD078CD218B113C003C6228 /* ViewController.m */ = {isa = PBXFileReference; lastKnownFileType = sourcecode.c.objc; path = ViewController.m; sourceTree = "<group>"; };
		1BD078D0218B113C003C6228 /* Base */ = {isa = PBXFileReference; lastKnownFileType = file.storyboard; name = Base; path = Base.lproj/Main.storyboard; sourceTree = "<group>"; };
		1BD078D2218B1148003C6228 /* Assets.xcassets */ = {isa = PBXFileReference; lastKnownFileType = folder.assetcatalog; path = Assets.xcassets; sourceTree = "<group>"; };
		1BD078D5218B1148003C6228 /* Base */ = {isa = PBXFileReference; lastKnownFileType = file.storyboard; name = Base; path = Base.lproj/LaunchScreen.storyboard; sourceTree = "<group>"; };
		1BD078D7218B1148003C6228 /* Info.plist */ = {isa = PBXFileReference; lastKnownFileType = text.plist.xml; path = Info.plist; sourceTree = "<group>"; };
		1BD078D8218B1148003C6228 /* main.m */ = {isa = PBXFileReference; lastKnownFileType = sourcecode.c.objc; path = main.m; sourceTree = "<group>"; };
		1BD078DF218B12E6003C6228 /* ZPFMainViewController.h */ = {isa = PBXFileReference; lastKnownFileType = sourcecode.c.h; path = ZPFMainViewController.h; sourceTree = "<group>"; };
		1BD078E0218B12E6003C6228 /* ZPFMainViewController.m */ = {isa = PBXFileReference; lastKnownFileType = sourcecode.c.objc; path = ZPFMainViewController.m; sourceTree = "<group>"; };
		1BD078E2218B130C003C6228 /* ZPFLeftViewController.h */ = {isa = PBXFileReference; lastKnownFileType = sourcecode.c.h; path = ZPFLeftViewController.h; sourceTree = "<group>"; };
		1BD078E3218B130C003C6228 /* ZPFLeftViewController.m */ = {isa = PBXFileReference; lastKnownFileType = sourcecode.c.objc; path = ZPFLeftViewController.m; sourceTree = "<group>"; };
		1BD078E5218B1846003C6228 /* ZPFCenterViewController.h */ = {isa = PBXFileReference; lastKnownFileType = sourcecode.c.h; path = ZPFCenterViewController.h; sourceTree = "<group>"; };
		1BD078E6218B1846003C6228 /* ZPFCenterViewController.m */ = {isa = PBXFileReference; lastKnownFileType = sourcecode.c.objc; path = ZPFCenterViewController.m; sourceTree = "<group>"; };
		1BD078EB218B1B8A003C6228 /* ZPFOtherViewController.h */ = {isa = PBXFileReference; lastKnownFileType = sourcecode.c.h; path = ZPFOtherViewController.h; sourceTree = "<group>"; };
		1BD078EC218B1B8A003C6228 /* ZPFOtherViewController.m */ = {isa = PBXFileReference; lastKnownFileType = sourcecode.c.objc; path = ZPFOtherViewController.m; sourceTree = "<group>"; };
		1BD078F1218B2046003C6228 /* 首页三条线.png */ = {isa = PBXFileReference; lastKnownFileType = image.png; path = "首页三条线.png"; sourceTree = "<group>"; };
		1BD078F3218B20B7003C6228 /* ZPFCenterView.h */ = {isa = PBXFileReference; lastKnownFileType = sourcecode.c.h; path = ZPFCenterView.h; sourceTree = "<group>"; };
		1BD078F4218B20B7003C6228 /* ZPFCenterView.m */ = {isa = PBXFileReference; lastKnownFileType = sourcecode.c.objc; path = ZPFCenterView.m; sourceTree = "<group>"; };
		1BD078F7218B210B003C6228 /* ZPFScrollerView.h */ = {isa = PBXFileReference; lastKnownFileType = sourcecode.c.h; path = ZPFScrollerView.h; sourceTree = "<group>"; };
		1BD078F8218B210B003C6228 /* ZPFScrollerView.m */ = {isa = PBXFileReference; lastKnownFileType = sourcecode.c.objc; path = ZPFScrollerView.m; sourceTree = "<group>"; };
		1BD078FA218B212A003C6228 /* ZPFNewsTableViewCell.h */ = {isa = PBXFileReference; lastKnownFileType = sourcecode.c.h; path = ZPFNewsTableViewCell.h; sourceTree = "<group>"; };
		1BD078FB218B212A003C6228 /* ZPFNewsTableViewCell.m */ = {isa = PBXFileReference; lastKnownFileType = sourcecode.c.objc; path = ZPFNewsTableViewCell.m; sourceTree = "<group>"; };
		1BD078FD218B2144003C6228 /* ZPFScrollerTableViewCell.h */ = {isa = PBXFileReference; lastKnownFileType = sourcecode.c.h; path = ZPFScrollerTableViewCell.h; sourceTree = "<group>"; };
		1BD078FE218B2144003C6228 /* ZPFScrollerTableViewCell.m */ = {isa = PBXFileReference; lastKnownFileType = sourcecode.c.objc; path = ZPFScrollerTableViewCell.m; sourceTree = "<group>"; };
		1BD07905218B21C1003C6228 /* ZPFCenterTodayJSONModel.h */ = {isa = PBXFileReference; lastKnownFileType = sourcecode.c.h; path = ZPFCenterTodayJSONModel.h; sourceTree = "<group>"; };
		1BD07906218B21C1003C6228 /* ZPFCenterTodayJSONModel.m */ = {isa = PBXFileReference; lastKnownFileType = sourcecode.c.objc; path = ZPFCenterTodayJSONModel.m; sourceTree = "<group>"; };
		1BD07908218B2494003C6228 /* ZPFSelectJsonModel.h */ = {isa = PBXFileReference; lastKnownFileType = sourcecode.c.h; path = ZPFSelectJsonModel.h; sourceTree = "<group>"; };
		1BD07909218B2494003C6228 /* ZPFSelectJsonModel.m */ = {isa = PBXFileReference; lastKnownFileType = sourcecode.c.objc; path = ZPFSelectJsonModel.m; sourceTree = "<group>"; };
		1BD0790C218B27B5003C6228 /* 0的副本.jpg */ = {isa = PBXFileReference; lastKnownFileType = image.jpeg; path = "0的副本.jpg"; sourceTree = "<group>"; };
		1BD0790D218B27B5003C6228 /* 1的副本.jpg */ = {isa = PBXFileReference; lastKnownFileType = image.jpeg; path = "1的副本.jpg"; sourceTree = "<group>"; };
		1BD0790E218B27B5003C6228 /* 2的副本.jpg */ = {isa = PBXFileReference; lastKnownFileType = image.jpeg; path = "2的副本.jpg"; sourceTree = "<group>"; };
		1BD0790F218B27B5003C6228 /* 3的副本.jpg */ = {isa = PBXFileReference; lastKnownFileType = image.jpeg; path = "3的副本.jpg"; sourceTree = "<group>"; };
		1BD07910218B27B5003C6228 /* 4的副本.jpg */ = {isa = PBXFileReference; lastKnownFileType = image.jpeg; path = "4的副本.jpg"; sourceTree = "<group>"; };
		1BD07916218B2BE9003C6228 /* 首页三条线1.png */ = {isa = PBXFileReference; lastKnownFileType = image.png; path = "首页三条线1.png"; sourceTree = "<group>"; };
		1BD07918218B2DD1003C6228 /* ZPFSelectViewController.h */ = {isa = PBXFileReference; lastKnownFileType = sourcecode.c.h; path = ZPFSelectViewController.h; sourceTree = "<group>"; };
		1BD07919218B2DD1003C6228 /* ZPFSelectViewController.m */ = {isa = PBXFileReference; lastKnownFileType = sourcecode.c.objc; path = ZPFSelectViewController.m; sourceTree = "<group>"; };
		1BD90D7A21A270EF00682BCE /* ZPFDataUtils.h */ = {isa = PBXFileReference; lastKnownFileType = sourcecode.c.h; path = ZPFDataUtils.h; sourceTree = "<group>"; };
		1BD90D7B21A270EF00682BCE /* ZPFDataUtils.m */ = {isa = PBXFileReference; lastKnownFileType = sourcecode.c.objc; path = ZPFDataUtils.m; sourceTree = "<group>"; };
		1BEB8BFA21A423EF0037947C /* dianzan.png */ = {isa = PBXFileReference; lastKnownFileType = image.png; path = dianzan.png; sourceTree = "<group>"; };
		1BEB8BFB21A423F00037947C /* pinglun.png */ = {isa = PBXFileReference; lastKnownFileType = image.png; path = pinglun.png; sourceTree = "<group>"; };
		1BEB8BFC21A423F00037947C /* xia.png */ = {isa = PBXFileReference; lastKnownFileType = image.png; path = xia.png; sourceTree = "<group>"; };
		1BEB8BFE21A423F00037947C /* zuo.png */ = {isa = PBXFileReference; lastKnownFileType = image.png; path = zuo.png; sourceTree = "<group>"; };
		1BEB8C0421A429120037947C /* zhuanfa.png */ = {isa = PBXFileReference; lastKnownFileType = image.png; name = zhuanfa.png; path = "../../ZhiHuDayPaper图片/zhuanfa.png"; sourceTree = "<group>"; };
		1BEB8C0621A42A1E0037947C /* ZPFCommentViewController.h */ = {isa = PBXFileReference; lastKnownFileType = sourcecode.c.h; path = ZPFCommentViewController.h; sourceTree = "<group>"; };
		1BEB8C0721A42A1E0037947C /* ZPFCommentViewController.m */ = {isa = PBXFileReference; lastKnownFileType = sourcecode.c.objc; path = ZPFCommentViewController.m; sourceTree = "<group>"; };
		1BEB8C0D21A4403D0037947C /* xiedianping.png */ = {isa = PBXFileReference; lastKnownFileType = image.png; name = xiedianping.png; path = "../../ZhiHuDayPaper图片/xiedianping.png"; sourceTree = "<group>"; };
		1BEB8C0F21A441620037947C /* zuobian.png */ = {isa = PBXFileReference; lastKnownFileType = image.png; path = zuobian.png; sourceTree = "<group>"; };
		1BEB8C1321A448060037947C /* shuangjiantouxia.png */ = {isa = PBXFileReference; lastKnownFileType = image.png; name = shuangjiantouxia.png; path = "../../ZhiHuDayPaper图片/shuangjiantouxia.png"; sourceTree = "<group>"; };
		1BEB8C1821A449860037947C /* ZPFCommentTableViewCell.h */ = {isa = PBXFileReference; lastKnownFileType = sourcecode.c.h; path = ZPFCommentTableViewCell.h; sourceTree = "<group>"; };
		1BEB8C1921A449860037947C /* ZPFCommentTableViewCell.m */ = {isa = PBXFileReference; lastKnownFileType = sourcecode.c.objc; path = ZPFCommentTableViewCell.m; sourceTree = "<group>"; };
		1BF1BDB421A57828003D1EAC /* zan.png */ = {isa = PBXFileReference; lastKnownFileType = image.png; path = zan.png; sourceTree = "<group>"; };
		1BF1BDB621A578D3003D1EAC /* ZPFCommentView.h */ = {isa = PBXFileReference; lastKnownFileType = sourcecode.c.h; path = ZPFCommentView.h; sourceTree = "<group>"; };
		1BF1BDB721A578D3003D1EAC /* ZPFCommentView.m */ = {isa = PBXFileReference; lastKnownFileType = sourcecode.c.objc; path = ZPFCommentView.m; sourceTree = "<group>"; };
		1BF1BDB921A57CA5003D1EAC /* ZPFWriteCommentViewController.h */ = {isa = PBXFileReference; lastKnownFileType = sourcecode.c.h; path = ZPFWriteCommentViewController.h; sourceTree = "<group>"; };
		1BF1BDBA21A57CA5003D1EAC /* ZPFWriteCommentViewController.m */ = {isa = PBXFileReference; lastKnownFileType = sourcecode.c.objc; path = ZPFWriteCommentViewController.m; sourceTree = "<group>"; };
		1BF1BDBC21A57FCE003D1EAC /* ZPFMyActivityIndicatorView.h */ = {isa = PBXFileReference; lastKnownFileType = sourcecode.c.h; path = ZPFMyActivityIndicatorView.h; sourceTree = "<group>"; };
		1BF1BDBD21A57FCE003D1EAC /* ZPFMyActivityIndicatorView.m */ = {isa = PBXFileReference; lastKnownFileType = sourcecode.c.objc; path = ZPFMyActivityIndicatorView.m; sourceTree = "<group>"; };
		1BF1BDBF21A58526003D1EAC /* ZPFCommentJSONModel.h */ = {isa = PBXFileReference; lastKnownFileType = sourcecode.c.h; path = ZPFCommentJSONModel.h; sourceTree = "<group>"; };
		1BF1BDC021A58526003D1EAC /* ZPFCommentJSONModel.m */ = {isa = PBXFileReference; lastKnownFileType = sourcecode.c.objc; path = ZPFCommentJSONModel.m; sourceTree = "<group>"; };
		A065164CF4186E6454E675C5 /* libPods-ZhiHuNewPaper.a */ = {isa = PBXFileReference; explicitFileType = archive.ar; includeInIndex = 0; path = "libPods-ZhiHuNewPaper.a"; sourceTree = BUILT_PRODUCTS_DIR; };
		F9A0DA8FF5BC7637B444FEA9 /* Pods-ZhiHuNewPaper.debug.xcconfig */ = {isa = PBXFileReference; includeInIndex = 1; lastKnownFileType = text.xcconfig; name = "Pods-ZhiHuNewPaper.debug.xcconfig"; path = "Pods/Target Support Files/Pods-ZhiHuNewPaper/Pods-ZhiHuNewPaper.debug.xcconfig"; sourceTree = "<group>"; };
		FDA26D57BFBA193D98052514 /* Pods-ZhiHuNewPaper.release.xcconfig */ = {isa = PBXFileReference; includeInIndex = 1; lastKnownFileType = text.xcconfig; name = "Pods-ZhiHuNewPaper.release.xcconfig"; path = "Pods/Target Support Files/Pods-ZhiHuNewPaper/Pods-ZhiHuNewPaper.release.xcconfig"; sourceTree = "<group>"; };
/* End PBXFileReference section */

/* Begin PBXFrameworksBuildPhase section */
		1BD078C3218B113C003C6228 /* Frameworks */ = {
			isa = PBXFrameworksBuildPhase;
			buildActionMask = 2147483647;
			files = (
				20991D8B6765C01A7D5B4F00 /* libPods-ZhiHuNewPaper.a in Frameworks */,
			);
			runOnlyForDeploymentPostprocessing = 0;
		};
/* End PBXFrameworksBuildPhase section */

/* Begin PBXGroup section */
		02EE3007252F41F4998D2D3D /* Pods */ = {
			isa = PBXGroup;
			children = (
				F9A0DA8FF5BC7637B444FEA9 /* Pods-ZhiHuNewPaper.debug.xcconfig */,
				FDA26D57BFBA193D98052514 /* Pods-ZhiHuNewPaper.release.xcconfig */,
			);
			name = Pods;
			sourceTree = "<group>";
		};
		1B04D27C21BD2A450013D1B6 /* Commit */ = {
			isa = PBXGroup;
			children = (
				1B04D27D21BD2A560013D1B6 /* Model */,
				1B04D27E21BD2A5B0013D1B6 /* View */,
				1B04D27F21BD2A670013D1B6 /* Controller */,
			);
			path = Commit;
			sourceTree = "<group>";
		};
		1B04D27D21BD2A560013D1B6 /* Model */ = {
			isa = PBXGroup;
			children = (
				1BF1BDBF21A58526003D1EAC /* ZPFCommentJSONModel.h */,
				1BF1BDC021A58526003D1EAC /* ZPFCommentJSONModel.m */,
			);
			path = Model;
			sourceTree = "<group>";
		};
		1B04D27E21BD2A5B0013D1B6 /* View */ = {
			isa = PBXGroup;
			children = (
				1BEB8C1821A449860037947C /* ZPFCommentTableViewCell.h */,
				1BEB8C1921A449860037947C /* ZPFCommentTableViewCell.m */,
				1BF1BDB621A578D3003D1EAC /* ZPFCommentView.h */,
				1BF1BDB721A578D3003D1EAC /* ZPFCommentView.m */,
				1B3E34EF21AAC2380066AB96 /* UILabel+UILabel_LabelHeight.h */,
				1B3E34F021AAC2380066AB96 /* UILabel+UILabel_LabelHeight.m */,
			);
			path = View;
			sourceTree = "<group>";
		};
		1B04D27F21BD2A670013D1B6 /* Controller */ = {
			isa = PBXGroup;
			children = (
				1BEB8C0621A42A1E0037947C /* ZPFCommentViewController.h */,
				1BEB8C0721A42A1E0037947C /* ZPFCommentViewController.m */,
				1BF1BDB921A57CA5003D1EAC /* ZPFWriteCommentViewController.h */,
				1BF1BDBA21A57CA5003D1EAC /* ZPFWriteCommentViewController.m */,
			);
			path = Controller;
			sourceTree = "<group>";
		};
		1B04D28021BD2D820013D1B6 /* Select */ = {
			isa = PBXGroup;
			children = (
				1B04D28121BD2D950013D1B6 /* Model */,
				1B04D28221BD2D990013D1B6 /* View */,
				1B04D28321BD2D9E0013D1B6 /* Controller */,
			);
			path = Select;
			sourceTree = "<group>";
		};
		1B04D28121BD2D950013D1B6 /* Model */ = {
			isa = PBXGroup;
			children = (
				1BD07908218B2494003C6228 /* ZPFSelectJsonModel.h */,
				1BD07909218B2494003C6228 /* ZPFSelectJsonModel.m */,
			);
			path = Model;
			sourceTree = "<group>";
		};
		1B04D28221BD2D990013D1B6 /* View */ = {
			isa = PBXGroup;
			children = (
				1BF1BDBD21A57FCE003D1EAC /* ZPFMyActivityIndicatorView.m */,
				1BF1BDBC21A57FCE003D1EAC /* ZPFMyActivityIndicatorView.h */,
			);
			path = View;
			sourceTree = "<group>";
		};
		1B04D28321BD2D9E0013D1B6 /* Controller */ = {
			isa = PBXGroup;
			children = (
				1BD07918218B2DD1003C6228 /* ZPFSelectViewController.h */,
				1BD07919218B2DD1003C6228 /* ZPFSelectViewController.m */,
			);
			path = Controller;
			sourceTree = "<group>";
		};
		1B04D28421BD2DCE0013D1B6 /* Center */ = {
			isa = PBXGroup;
			children = (
				1B04D28521BD2DD40013D1B6 /* Model */,
				1B04D28621BD2DD80013D1B6 /* View */,
				1B04D28721BD2DDC0013D1B6 /* Controller */,
			);
			path = Center;
			sourceTree = "<group>";
		};
		1B04D28521BD2DD40013D1B6 /* Model */ = {
			isa = PBXGroup;
			children = (
				1BD90D7A21A270EF00682BCE /* ZPFDataUtils.h */,
				1BD90D7B21A270EF00682BCE /* ZPFDataUtils.m */,
				1BD07905218B21C1003C6228 /* ZPFCenterTodayJSONModel.h */,
				1BD07906218B21C1003C6228 /* ZPFCenterTodayJSONModel.m */,
				1B3E34E921AA8B6E0066AB96 /* ZPFExtraCommentJSONModel.h */,
				1B3E34EA21AA8B6E0066AB96 /* ZPFExtraCommentJSONModel.m */,
				1B1F083921952A5F0077C4CC /* ZPFHttpSessionManager.h */,
				1B1F083A21952A5F0077C4CC /* ZPFHttpSessionManager.m */,
			);
			path = Model;
			sourceTree = "<group>";
		};
		1B04D28621BD2DD80013D1B6 /* View */ = {
			isa = PBXGroup;
			children = (
				1BD078F3218B20B7003C6228 /* ZPFCenterView.h */,
				1BD078F4218B20B7003C6228 /* ZPFCenterView.m */,
				1BD078F7218B210B003C6228 /* ZPFScrollerView.h */,
				1BD078F8218B210B003C6228 /* ZPFScrollerView.m */,
				1B2B905A21BBEE53006075D4 /* SuperButton.h */,
				1B2B905B21BBEE53006075D4 /* SuperButton.m */,
				1BD078FA218B212A003C6228 /* ZPFNewsTableViewCell.h */,
				1BD078FB218B212A003C6228 /* ZPFNewsTableViewCell.m */,
				1BD078FD218B2144003C6228 /* ZPFScrollerTableViewCell.h */,
				1BD078FE218B2144003C6228 /* ZPFScrollerTableViewCell.m */,
			);
			path = View;
			sourceTree = "<group>";
		};
		1B04D28721BD2DDC0013D1B6 /* Controller */ = {
			isa = PBXGroup;
			children = (
				1BD078E5218B1846003C6228 /* ZPFCenterViewController.h */,
				1BD078E6218B1846003C6228 /* ZPFCenterViewController.m */,
			);
			path = Controller;
			sourceTree = "<group>";
		};
		1BD078BD218B113C003C6228 = {
			isa = PBXGroup;
			children = (
				1BD078F0218B2046003C6228 /* ZhiHuDayPaper图片 */,
				1BD078C8218B113C003C6228 /* ZhiHuNewPaper */,
				1BD078C7218B113C003C6228 /* Products */,
				02EE3007252F41F4998D2D3D /* Pods */,
				6FB88F1853BA2DFE3F84EC02 /* Frameworks */,
			);
			sourceTree = "<group>";
		};
		1BD078C7218B113C003C6228 /* Products */ = {
			isa = PBXGroup;
			children = (
				1BD078C6218B113C003C6228 /* ZhiHuNewPaper.app */,
			);
			name = Products;
			sourceTree = "<group>";
		};
		1BD078C8218B113C003C6228 /* ZhiHuNewPaper */ = {
			isa = PBXGroup;
			children = (
				1BD078C9218B113C003C6228 /* AppDelegate.h */,
				1BD078CA218B113C003C6228 /* AppDelegate.m */,
				1BD078DF218B12E6003C6228 /* ZPFMainViewController.h */,
				1BD078E0218B12E6003C6228 /* ZPFMainViewController.m */,
				1BD078EB218B1B8A003C6228 /* ZPFOtherViewController.h */,
				1BD078EC218B1B8A003C6228 /* ZPFOtherViewController.m */,
				1BD078CC218B113C003C6228 /* ViewController.h */,
				1BD078CD218B113C003C6228 /* ViewController.m */,
				1BE6971D2191B5000045EF86 /* Left */,
				1BD078EE218B1EFF003C6228 /* Main */,
				1BD078CF218B113C003C6228 /* Main.storyboard */,
				1BD078D2218B1148003C6228 /* Assets.xcassets */,
				1BD078D4218B1148003C6228 /* LaunchScreen.storyboard */,
				1BD078D7218B1148003C6228 /* Info.plist */,
				1BD078D8218B1148003C6228 /* main.m */,
			);
			path = ZhiHuNewPaper;
			sourceTree = "<group>";
		};
		1BD078EE218B1EFF003C6228 /* Main */ = {
			isa = PBXGroup;
			children = (
				1B04D28421BD2DCE0013D1B6 /* Center */,
				1B04D28021BD2D820013D1B6 /* Select */,
				1B04D27C21BD2A450013D1B6 /* Commit */,
			);
			path = Main;
			sourceTree = "<group>";
		};
		1BD078F0218B2046003C6228 /* ZhiHuDayPaper图片 */ = {
			isa = PBXGroup;
			children = (
				1BD0790B218B27B5003C6228 /* 轮播图图片 */,
				1BD078F1218B2046003C6228 /* 首页三条线.png */,
				1BD07916218B2BE9003C6228 /* 首页三条线1.png */,
				1B1C11D821905C3C00AFB098 /* shouye.png */,
				1B1C11DB2190678900AFB098 /* s.jpg */,
				1B1C11DD21906FB000AFB098 /* shoucang.png */,
				1B1C11DF219072CB00AFB098 /* xiaoxi.png */,
				1B1C11E1219072CF00AFB098 /* shezhi.png */,
				1B0BAEBC21986A1F00FF50FD /* yejianmoshi.png */,
				1B0BAEBE21986A2500FF50FD /* lixian.png */,
				1BEB8BFA21A423EF0037947C /* dianzan.png */,
				1BEB8BFB21A423F00037947C /* pinglun.png */,
				1BEB8BFC21A423F00037947C /* xia.png */,
				1BEB8C0421A429120037947C /* zhuanfa.png */,
				1BEB8BFE21A423F00037947C /* zuo.png */,
				1BEB8C0D21A4403D0037947C /* xiedianping.png */,
				1BEB8C0F21A441620037947C /* zuobian.png */,
				1BEB8C1321A448060037947C /* shuangjiantouxia.png */,
				1BF1BDB421A57828003D1EAC /* zan.png */,
			);
			path = "ZhiHuDayPaper图片";
			sourceTree = "<group>";
		};
		1BD0790B218B27B5003C6228 /* 轮播图图片 */ = {
			isa = PBXGroup;
			children = (
				1BD0790C218B27B5003C6228 /* 0的副本.jpg */,
				1BD0790D218B27B5003C6228 /* 1的副本.jpg */,
				1BD0790E218B27B5003C6228 /* 2的副本.jpg */,
				1BD0790F218B27B5003C6228 /* 3的副本.jpg */,
				1BD07910218B27B5003C6228 /* 4的副本.jpg */,
			);
			path = "轮播图图片";
			sourceTree = "<group>";
		};
		1BE6971D2191B5000045EF86 /* Left */ = {
			isa = PBXGroup;
			children = (
				1BE6971E2191B5110045EF86 /* View */,
				1BE6971F2191B5190045EF86 /* Controller */,
			);
			path = Left;
			sourceTree = "<group>";
		};
		1BE6971E2191B5110045EF86 /* View */ = {
			isa = PBXGroup;
			children = (
				1B1C11D3219054F400AFB098 /* ZPFLeftView.h */,
				1B1C11D4219054F400AFB098 /* ZPFLeftView.m */,
				1B0BAEB92198643800FF50FD /* ZPFFooterView.h */,
				1B0BAEBA2198643800FF50FD /* ZPFFooterView.m */,
			);
			path = View;
			sourceTree = "<group>";
		};
		1BE6971F2191B5190045EF86 /* Controller */ = {
			isa = PBXGroup;
			children = (
				1BD078E2218B130C003C6228 /* ZPFLeftViewController.h */,
				1BD078E3218B130C003C6228 /* ZPFLeftViewController.m */,
			);
			path = Controller;
			sourceTree = "<group>";
		};
		6FB88F1853BA2DFE3F84EC02 /* Frameworks */ = {
			isa = PBXGroup;
			children = (
				A065164CF4186E6454E675C5 /* libPods-ZhiHuNewPaper.a */,
			);
			name = Frameworks;
			sourceTree = "<group>";
		};
/* End PBXGroup section */

/* Begin PBXNativeTarget section */
		1BD078C5218B113C003C6228 /* ZhiHuNewPaper */ = {
			isa = PBXNativeTarget;
			buildConfigurationList = 1BD078DC218B1148003C6228 /* Build configuration list for PBXNativeTarget "ZhiHuNewPaper" */;
			buildPhases = (
				A85919A1C63D188382714EB5 /* [CP] Check Pods Manifest.lock */,
				1BD078C2218B113C003C6228 /* Sources */,
				1BD078C3218B113C003C6228 /* Frameworks */,
				1BD078C4218B113C003C6228 /* Resources */,
			);
			buildRules = (
			);
			dependencies = (
			);
			name = ZhiHuNewPaper;
			productName = ZhiHuNewPaper;
			productReference = 1BD078C6218B113C003C6228 /* ZhiHuNewPaper.app */;
			productType = "com.apple.product-type.application";
		};
/* End PBXNativeTarget section */

/* Begin PBXProject section */
		1BD078BE218B113C003C6228 /* Project object */ = {
			isa = PBXProject;
			attributes = {
				LastUpgradeCheck = 0930;
				ORGANIZATIONNAME = "王一卓";
				TargetAttributes = {
					1BD078C5218B113C003C6228 = {
						CreatedOnToolsVersion = 9.3.1;
					};
				};
			};
			buildConfigurationList = 1BD078C1218B113C003C6228 /* Build configuration list for PBXProject "ZhiHuNewPaper" */;
			compatibilityVersion = "Xcode 9.3";
			developmentRegion = en;
			hasScannedForEncodings = 0;
			knownRegions = (
				en,
				Base,
			);
			mainGroup = 1BD078BD218B113C003C6228;
			productRefGroup = 1BD078C7218B113C003C6228 /* Products */;
			projectDirPath = "";
			projectRoot = "";
			targets = (
				1BD078C5218B113C003C6228 /* ZhiHuNewPaper */,
			);
		};
/* End PBXProject section */

/* Begin PBXResourcesBuildPhase section */
		1BD078C4218B113C003C6228 /* Resources */ = {
			isa = PBXResourcesBuildPhase;
			buildActionMask = 2147483647;
			files = (
				1B1C11E2219072CF00AFB098 /* shezhi.png in Resources */,
				1BEB8C1421A448060037947C /* shuangjiantouxia.png in Resources */,
				1B1C11D921905C3C00AFB098 /* shouye.png in Resources */,
				1BEB8C0021A423F10037947C /* pinglun.png in Resources */,
				1B0BAEBD21986A2000FF50FD /* yejianmoshi.png in Resources */,
				1BEB8C0121A423F10037947C /* xia.png in Resources */,
				1BD07911218B27B6003C6228 /* 0的副本.jpg in Resources */,
				1BD07914218B27B6003C6228 /* 3的副本.jpg in Resources */,
				1BEB8C0521A429120037947C /* zhuanfa.png in Resources */,
				1B0BAEBF21986A2500FF50FD /* lixian.png in Resources */,
				1B1C11DC2190678900AFB098 /* s.jpg in Resources */,
				1BD078F2218B2046003C6228 /* 首页三条线.png in Resources */,
				1BD078D6218B1148003C6228 /* LaunchScreen.storyboard in Resources */,
				1BEB8BFF21A423F10037947C /* dianzan.png in Resources */,
				1BD07913218B27B6003C6228 /* 2的副本.jpg in Resources */,
				1BEB8C1021A441620037947C /* zuobian.png in Resources */,
				1BD07912218B27B6003C6228 /* 1的副本.jpg in Resources */,
				1BD07915218B27B6003C6228 /* 4的副本.jpg in Resources */,
				1B1C11DE21906FB000AFB098 /* shoucang.png in Resources */,
				1BD078D3218B1148003C6228 /* Assets.xcassets in Resources */,
				1BEB8C0321A423F10037947C /* zuo.png in Resources */,
				1BF1BDB521A57829003D1EAC /* zan.png in Resources */,
				1B1C11E0219072CB00AFB098 /* xiaoxi.png in Resources */,
				1BD07917218B2BEA003C6228 /* 首页三条线1.png in Resources */,
				1BD078D1218B113C003C6228 /* Main.storyboard in Resources */,
				1BEB8C0E21A4403D0037947C /* xiedianping.png in Resources */,
			);
			runOnlyForDeploymentPostprocessing = 0;
		};
/* End PBXResourcesBuildPhase section */

/* Begin PBXShellScriptBuildPhase section */
		A85919A1C63D188382714EB5 /* [CP] Check Pods Manifest.lock */ = {
			isa = PBXShellScriptBuildPhase;
			buildActionMask = 2147483647;
			files = (
			);
			inputPaths = (
				"${PODS_PODFILE_DIR_PATH}/Podfile.lock",
				"${PODS_ROOT}/Manifest.lock",
			);
			name = "[CP] Check Pods Manifest.lock";
			outputPaths = (
				"$(DERIVED_FILE_DIR)/Pods-ZhiHuNewPaper-checkManifestLockResult.txt",
			);
			runOnlyForDeploymentPostprocessing = 0;
			shellPath = /bin/sh;
			shellScript = "diff \"${PODS_PODFILE_DIR_PATH}/Podfile.lock\" \"${PODS_ROOT}/Manifest.lock\" > /dev/null\nif [ $? != 0 ] ; then\n    # print error to STDERR\n    echo \"error: The sandbox is not in sync with the Podfile.lock. Run 'pod install' or update your CocoaPods installation.\" >&2\n    exit 1\nfi\n# This output is used by Xcode 'outputs' to avoid re-running this script phase.\necho \"SUCCESS\" > \"${SCRIPT_OUTPUT_FILE_0}\"\n";
			showEnvVarsInLog = 0;
		};
/* End PBXShellScriptBuildPhase section */

/* Begin PBXSourcesBuildPhase section */
		1BD078C2218B113C003C6228 /* Sources */ = {
			isa = PBXSourcesBuildPhase;
			buildActionMask = 2147483647;
			files = (
				1BD078FF218B2144003C6228 /* ZPFScrollerTableViewCell.m in Sources */,
				1BD078ED218B1B8A003C6228 /* ZPFOtherViewController.m in Sources */,
				1BD078CE218B113C003C6228 /* ViewController.m in Sources */,
				1BEB8C0821A42A1E0037947C /* ZPFCommentViewController.m in Sources */,
				1BD0791A218B2DD1003C6228 /* ZPFSelectViewController.m in Sources */,
				1BD078D9218B1148003C6228 /* main.m in Sources */,
				1BEB8C1A21A449860037947C /* ZPFCommentTableViewCell.m in Sources */,
				1BD078E7218B1846003C6228 /* ZPFCenterViewController.m in Sources */,
				1B3E34EB21AA8B6E0066AB96 /* ZPFExtraCommentJSONModel.m in Sources */,
				1B3E34F121AAC2380066AB96 /* UILabel+UILabel_LabelHeight.m in Sources */,
				1B2B905C21BBEE53006075D4 /* SuperButton.m in Sources */,
				1BD90D7C21A270EF00682BCE /* ZPFDataUtils.m in Sources */,
				1BD078E4218B130C003C6228 /* ZPFLeftViewController.m in Sources */,
				1BF1BDBB21A57CA5003D1EAC /* ZPFWriteCommentViewController.m in Sources */,
				1B0BAEBB2198643800FF50FD /* ZPFFooterView.m in Sources */,
				1BD078FC218B212A003C6228 /* ZPFNewsTableViewCell.m in Sources */,
				1BD078E1218B12E6003C6228 /* ZPFMainViewController.m in Sources */,
				1BD0790A218B2494003C6228 /* ZPFSelectJsonModel.m in Sources */,
				1B1F083B21952A5F0077C4CC /* ZPFHttpSessionManager.m in Sources */,
				1BD078F5218B20B7003C6228 /* ZPFCenterView.m in Sources */,
				1BF1BDBE21A57FCE003D1EAC /* ZPFMyActivityIndicatorView.m in Sources */,
				1BD07907218B21C1003C6228 /* ZPFCenterTodayJSONModel.m in Sources */,
				1BF1BDC121A58526003D1EAC /* ZPFCommentJSONModel.m in Sources */,
				1BD078CB218B113C003C6228 /* AppDelegate.m in Sources */,
				1BF1BDB821A578D3003D1EAC /* ZPFCommentView.m in Sources */,
				1B1C11D5219054F400AFB098 /* ZPFLeftView.m in Sources */,
				1BD078F9218B210B003C6228 /* ZPFScrollerView.m in Sources */,
			);
			runOnlyForDeploymentPostprocessing = 0;
		};
/* End PBXSourcesBuildPhase section */

/* Begin PBXVariantGroup section */
		1BD078CF218B113C003C6228 /* Main.storyboard */ = {
			isa = PBXVariantGroup;
			children = (
				1BD078D0218B113C003C6228 /* Base */,
			);
			name = Main.storyboard;
			sourceTree = "<group>";
		};
		1BD078D4218B1148003C6228 /* LaunchScreen.storyboard */ = {
			isa = PBXVariantGroup;
			children = (
				1BD078D5218B1148003C6228 /* Base */,
			);
			name = LaunchScreen.storyboard;
			sourceTree = "<group>";
		};
/* End PBXVariantGroup section */

/* Begin XCBuildConfiguration section */
		1BD078DA218B1148003C6228 /* Debug */ = {
			isa = XCBuildConfiguration;
			buildSettings = {
				ALWAYS_SEARCH_USER_PATHS = NO;
				CLANG_ANALYZER_NONNULL = YES;
				CLANG_ANALYZER_NUMBER_OBJECT_CONVERSION = YES_AGGRESSIVE;
				CLANG_CXX_LANGUAGE_STANDARD = "gnu++14";
				CLANG_CXX_LIBRARY = "libc++";
				CLANG_ENABLE_MODULES = YES;
				CLANG_ENABLE_OBJC_ARC = YES;
				CLANG_ENABLE_OBJC_WEAK = YES;
				CLANG_WARN_BLOCK_CAPTURE_AUTORELEASING = YES;
				CLANG_WARN_BOOL_CONVERSION = YES;
				CLANG_WARN_COMMA = YES;
				CLANG_WARN_CONSTANT_CONVERSION = YES;
				CLANG_WARN_DEPRECATED_OBJC_IMPLEMENTATIONS = YES;
				CLANG_WARN_DIRECT_OBJC_ISA_USAGE = YES_ERROR;
				CLANG_WARN_DOCUMENTATION_COMMENTS = YES;
				CLANG_WARN_EMPTY_BODY = YES;
				CLANG_WARN_ENUM_CONVERSION = YES;
				CLANG_WARN_INFINITE_RECURSION = YES;
				CLANG_WARN_INT_CONVERSION = YES;
				CLANG_WARN_NON_LITERAL_NULL_CONVERSION = YES;
				CLANG_WARN_OBJC_IMPLICIT_RETAIN_SELF = YES;
				CLANG_WARN_OBJC_LITERAL_CONVERSION = YES;
				CLANG_WARN_OBJC_ROOT_CLASS = YES_ERROR;
				CLANG_WARN_RANGE_LOOP_ANALYSIS = YES;
				CLANG_WARN_STRICT_PROTOTYPES = YES;
				CLANG_WARN_SUSPICIOUS_MOVE = YES;
				CLANG_WARN_UNGUARDED_AVAILABILITY = YES_AGGRESSIVE;
				CLANG_WARN_UNREACHABLE_CODE = YES;
				CLANG_WARN__DUPLICATE_METHOD_MATCH = YES;
				CODE_SIGN_IDENTITY = "iPhone Developer";
				COPY_PHASE_STRIP = NO;
				DEBUG_INFORMATION_FORMAT = dwarf;
				ENABLE_STRICT_OBJC_MSGSEND = YES;
				ENABLE_TESTABILITY = YES;
				GCC_C_LANGUAGE_STANDARD = gnu11;
				GCC_DYNAMIC_NO_PIC = NO;
				GCC_NO_COMMON_BLOCKS = YES;
				GCC_OPTIMIZATION_LEVEL = 0;
				GCC_PREPROCESSOR_DEFINITIONS = (
					"DEBUG=1",
					"$(inherited)",
				);
				GCC_WARN_64_TO_32_BIT_CONVERSION = YES;
				GCC_WARN_ABOUT_RETURN_TYPE = YES_ERROR;
				GCC_WARN_UNDECLARED_SELECTOR = YES;
				GCC_WARN_UNINITIALIZED_AUTOS = YES_AGGRESSIVE;
				GCC_WARN_UNUSED_FUNCTION = YES;
				GCC_WARN_UNUSED_VARIABLE = YES;
				IPHONEOS_DEPLOYMENT_TARGET = 11.3;
				MTL_ENABLE_DEBUG_INFO = YES;
				ONLY_ACTIVE_ARCH = YES;
				SDKROOT = iphoneos;
			};
			name = Debug;
		};
		1BD078DB218B1148003C6228 /* Release */ = {
			isa = XCBuildConfiguration;
			buildSettings = {
				ALWAYS_SEARCH_USER_PATHS = NO;
				CLANG_ANALYZER_NONNULL = YES;
				CLANG_ANALYZER_NUMBER_OBJECT_CONVERSION = YES_AGGRESSIVE;
				CLANG_CXX_LANGUAGE_STANDARD = "gnu++14";
				CLANG_CXX_LIBRARY = "libc++";
				CLANG_ENABLE_MODULES = YES;
				CLANG_ENABLE_OBJC_ARC = YES;
				CLANG_ENABLE_OBJC_WEAK = YES;
				CLANG_WARN_BLOCK_CAPTURE_AUTORELEASING = YES;
				CLANG_WARN_BOOL_CONVERSION = YES;
				CLANG_WARN_COMMA = YES;
				CLANG_WARN_CONSTANT_CONVERSION = YES;
				CLANG_WARN_DEPRECATED_OBJC_IMPLEMENTATIONS = YES;
				CLANG_WARN_DIRECT_OBJC_ISA_USAGE = YES_ERROR;
				CLANG_WARN_DOCUMENTATION_COMMENTS = YES;
				CLANG_WARN_EMPTY_BODY = YES;
				CLANG_WARN_ENUM_CONVERSION = YES;
				CLANG_WARN_INFINITE_RECURSION = YES;
				CLANG_WARN_INT_CONVERSION = YES;
				CLANG_WARN_NON_LITERAL_NULL_CONVERSION = YES;
				CLANG_WARN_OBJC_IMPLICIT_RETAIN_SELF = YES;
				CLANG_WARN_OBJC_LITERAL_CONVERSION = YES;
				CLANG_WARN_OBJC_ROOT_CLASS = YES_ERROR;
				CLANG_WARN_RANGE_LOOP_ANALYSIS = YES;
				CLANG_WARN_STRICT_PROTOTYPES = YES;
				CLANG_WARN_SUSPICIOUS_MOVE = YES;
				CLANG_WARN_UNGUARDED_AVAILABILITY = YES_AGGRESSIVE;
				CLANG_WARN_UNREACHABLE_CODE = YES;
				CLANG_WARN__DUPLICATE_METHOD_MATCH = YES;
				CODE_SIGN_IDENTITY = "iPhone Developer";
				COPY_PHASE_STRIP = NO;
				DEBUG_INFORMATION_FORMAT = "dwarf-with-dsym";
				ENABLE_NS_ASSERTIONS = NO;
				ENABLE_STRICT_OBJC_MSGSEND = YES;
				GCC_C_LANGUAGE_STANDARD = gnu11;
				GCC_NO_COMMON_BLOCKS = YES;
				GCC_WARN_64_TO_32_BIT_CONVERSION = YES;
				GCC_WARN_ABOUT_RETURN_TYPE = YES_ERROR;
				GCC_WARN_UNDECLARED_SELECTOR = YES;
				GCC_WARN_UNINITIALIZED_AUTOS = YES_AGGRESSIVE;
				GCC_WARN_UNUSED_FUNCTION = YES;
				GCC_WARN_UNUSED_VARIABLE = YES;
				IPHONEOS_DEPLOYMENT_TARGET = 11.3;
				MTL_ENABLE_DEBUG_INFO = NO;
				SDKROOT = iphoneos;
				VALIDATE_PRODUCT = YES;
			};
			name = Release;
		};
		1BD078DD218B1148003C6228 /* Debug */ = {
			isa = XCBuildConfiguration;
			baseConfigurationReference = F9A0DA8FF5BC7637B444FEA9 /* Pods-ZhiHuNewPaper.debug.xcconfig */;
			buildSettings = {
				ASSETCATALOG_COMPILER_APPICON_NAME = AppIcon;
				CODE_SIGN_STYLE = Automatic;
				INFOPLIST_FILE = ZhiHuNewPaper/Info.plist;
				LD_RUNPATH_SEARCH_PATHS = (
					"$(inherited)",
					"@executable_path/Frameworks",
				);
				PRODUCT_BUNDLE_IDENTIFIER = "---.ZhiHuNewPaper";
				PRODUCT_NAME = "$(TARGET_NAME)";
				TARGETED_DEVICE_FAMILY = "1,2";
			};
			name = Debug;
		};
		1BD078DE218B1148003C6228 /* Release */ = {
			isa = XCBuildConfiguration;
			baseConfigurationReference = FDA26D57BFBA193D98052514 /* Pods-ZhiHuNewPaper.release.xcconfig */;
			buildSettings = {
				ASSETCATALOG_COMPILER_APPICON_NAME = AppIcon;
				CODE_SIGN_STYLE = Automatic;
				INFOPLIST_FILE = ZhiHuNewPaper/Info.plist;
				LD_RUNPATH_SEARCH_PATHS = (
					"$(inherited)",
					"@executable_path/Frameworks",
				);
				PRODUCT_BUNDLE_IDENTIFIER = "---.ZhiHuNewPaper";
				PRODUCT_NAME = "$(TARGET_NAME)";
				TARGETED_DEVICE_FAMILY = "1,2";
			};
			name = Release;
		};
/* End XCBuildConfiguration section */

/* Begin XCConfigurationList section */
		1BD078C1218B113C003C6228 /* Build configuration list for PBXProject "ZhiHuNewPaper" */ = {
			isa = XCConfigurationList;
			buildConfigurations = (
				1BD078DA218B1148003C6228 /* Debug */,
				1BD078DB218B1148003C6228 /* Release */,
			);
			defaultConfigurationIsVisible = 0;
			defaultConfigurationName = Release;
		};
		1BD078DC218B1148003C6228 /* Build configuration list for PBXNativeTarget "ZhiHuNewPaper" */ = {
			isa = XCConfigurationList;
			buildConfigurations = (
				1BD078DD218B1148003C6228 /* Debug */,
				1BD078DE218B1148003C6228 /* Release */,
			);
			defaultConfigurationIsVisible = 0;
			defaultConfigurationName = Release;
		};
/* End XCConfigurationList section */
	};
	rootObject = 1BD078BE218B113C003C6228 /* Project object */;
}
